
Microsoft Visual Studio Solution File, Format Version 12.00
# Visual Studio 15
VisualStudioVersion = 15.0.27004.2010
MinimumVisualStudioVersion = 10.0.40219.1
Project("{FAE04EC0-301F-11D3-BF4B-00C04F79EFBC}") = "LogoFX.Bootstrapping.Tests", "LogoFX.Bootstrapping.Tests\LogoFX.Bootstrapping.Tests.csproj", "{99BA7607-2585-41DB-95BC-5E398CEB0DDF}"
EndProject
Project("{9A19103F-16F7-4668-BE54-9A1E7A4F7556}") = "LogoFX.Bootstrapping.Middleware", "LogoFX.Bootstrapping.Middleware\LogoFX.Bootstrapping.Middleware.csproj", "{444A91D0-0274-492A-BEBD-2515F9817568}"
EndProject
Project("{9A19103F-16F7-4668-BE54-9A1E7A4F7556}") = "LogoFX.Bootstrapping", "LogoFX.Bootstrapping\LogoFX.Bootstrapping.csproj", "{28E8F208-B45A-4FA8-AC89-23F4F59697A5}"
EndProject
Global
	GlobalSection(SolutionConfigurationPlatforms) = preSolution
		Debug|Any CPU = Debug|Any CPU
		Release|Any CPU = Release|Any CPU
	EndGlobalSection
	GlobalSection(ProjectConfigurationPlatforms) = postSolution
		{99BA7607-2585-41DB-95BC-5E398CEB0DDF}.Debug|Any CPU.ActiveCfg = Debug|Any CPU
		{99BA7607-2585-41DB-95BC-5E398CEB0DDF}.Debug|Any CPU.Build.0 = Debug|Any CPU
		{99BA7607-2585-41DB-95BC-5E398CEB0DDF}.Release|Any CPU.ActiveCfg = Release|Any CPU
		{99BA7607-2585-41DB-95BC-5E398CEB0DDF}.Release|Any CPU.Build.0 = Release|Any CPU
		{444A91D0-0274-492A-BEBD-2515F9817568}.Debug|Any CPU.ActiveCfg = Debug|Any CPU
		{444A91D0-0274-492A-BEBD-2515F9817568}.Debug|Any CPU.Build.0 = Debug|Any CPU
		{444A91D0-0274-492A-BEBD-2515F9817568}.Release|Any CPU.ActiveCfg = Release|Any CPU
		{444A91D0-0274-492A-BEBD-2515F9817568}.Release|Any CPU.Build.0 = Release|Any CPU
		{28E8F208-B45A-4FA8-AC89-23F4F59697A5}.Debug|Any CPU.ActiveCfg = Debug|Any CPU
		{28E8F208-B45A-4FA8-AC89-23F4F59697A5}.Debug|Any CPU.Build.0 = Debug|Any CPU
		{28E8F208-B45A-4FA8-AC89-23F4F59697A5}.Release|Any CPU.ActiveCfg = Release|Any CPU
		{28E8F208-B45A-4FA8-AC89-23F4F59697A5}.Release|Any CPU.Build.0 = Release|Any CPU
	EndGlobalSection
	GlobalSection(SolutionProperties) = preSolution
		HideSolutionNode = FALSE
	EndGlobalSection
	GlobalSection(ExtensibilityGlobals) = postSolution
		SolutionGuid = {7E473F99-18FE-4AA2-9DCF-54C65E5F0D7D}
	EndGlobalSection
EndGlobal
